{
  "name": "countryballs-games",
  "version": "0.1.0",
  "lockfileVersion": 3,
  "requires": true,
  "packages": {
    "": {
      "name": "countryballs-games",
      "version": "0.1.0",
      "workspaces": [
        "packages/*",
        "games/*"
      ],
      "devDependencies": {
        "typescript": "5.9.3"
      },
      "engines": {
        "node": ">=24.0.0 <25"
      }
    },
    "games/arena-2d": {
      "name": "@countryballs/arena-2d",
      "version": "0.1.0",
      "dependencies": {
        "@countryballs/game-core": "0.1.0",
        "@countryballs/shared-types": "0.1.0"
      }
    },
    "node_modules/@countryballs/arena-2d": {
      "resolved": "games/arena-2d",
      "link": true
    },
    "node_modules/@countryballs/backend-interface": {
      "resolved": "packages/backend-interface",
      "link": true
    },
    "node_modules/@countryballs/community-provider": {
      "resolved": "packages/community-provider",
      "link": true
    },
    "node_modules/@countryballs/config": {
      "resolved": "packages/config",
      "link": true
    },
    "node_modules/@countryballs/game-core": {
      "resolved": "packages/game-core",
      "link": true
    },
    "node_modules/@countryballs/host-core": {
      "resolved": "packages/host-core",
      "link": true
    },
    "node_modules/@countryballs/matchmaking": {
      "resolved": "packages/matchmaking",
      "link": true
    },
    "node_modules/@countryballs/network-core": {
      "resolved": "packages/network-core",
      "link": true
    },
    "node_modules/@countryballs/protocol": {
      "resolved": "packages/protocol",
      "link": true
    },
    "node_modules/@countryballs/shared-types": {
      "resolved": "packages/shared-types",
      "link": true
    },
    "node_modules/@countryballs/transport-interface": {
      "resolved": "packages/transport-interface",
      "link": true
    },
    "node_modules/typescript": {
      "version": "5.9.3",
      "resolved": "https://registry.npmjs.org/typescript/-/typescript-5.9.3.tgz",
      "integrity": "sha512-jl1vZzPDinLr9eUt3J/t7V6FgNEw9QjvBPdysz9KfQDD41fQrC2Y4vKQdiaUpFT4bXlb1RHhLpp8wtm6M5TgSw==",
      "dev": true,
      "license": "Apache-2.0",
      "bin": {
        "tsc": "bin/tsc",
        "tsserver": "bin/tsserver"
      },
      "engines": {
        "node": ">=14.17"
      }
    },
    "packages/backend-interface": {
      "name": "@countryballs/backend-interface",
      "version": "0.1.0",
      "dependencies": {
        "@countryballs/shared-types": "0.1.0"
      }
    },
    "packages/community-provider": {
      "name": "@countryballs/community-provider",
      "version": "0.1.0",
      "dependencies": {
        "@countryballs/backend-interface": "0.1.0",
        "@countryballs/config": "0.1.0",
        "@countryballs/host-core": "0.1.0",
        "@countryballs/matchmaking": "0.1.0",
        "@countryballs/shared-types": "0.1.0"
      }
    },
    "packages/config": {
      "name": "@countryballs/config",
      "version": "0.1.0",
      "dependencies": {
        "@countryballs/shared-types": "0.1.0"
      }
    },
    "packages/game-core": {
      "name": "@countryballs/game-core",
      "version": "0.1.0",
      "dependencies": {
        "@countryballs/shared-types": "0.1.0"
      }
    },
    "packages/host-core": {
      "name": "@countryballs/host-core",
      "version": "0.1.0",
      "dependencies": {
        "@countryballs/config": "0.1.0",
        "@countryballs/shared-types": "0.1.0"
      }
    },
    "packages/matchmaking": {
      "name": "@countryballs/matchmaking",
      "version": "0.1.0",
      "dependencies": {
        "@countryballs/config": "0.1.0",
        "@countryballs/shared-types": "0.1.0"
      }
    },
    "packages/network-core": {
      "name": "@countryballs/network-core",
      "version": "0.1.0",
      "dependencies": {
        "@countryballs/backend-interface": "0.1.0",
        "@countryballs/protocol": "0.1.0",
        "@countryballs/shared-types": "0.1.0",
        "@countryballs/transport-interface": "0.1.0"
      }
    },
    "packages/protocol": {
      "name": "@countryballs/protocol",
      "version": "0.1.0",
      "dependencies": {
        "@countryballs/config": "0.1.0",
        "@countryballs/shared-types": "0.1.0"
      }
    },
    "packages/shared-types": {
      "name": "@countryballs/shared-types",
      "version": "0.1.0"
    },
    "packages/transport-interface": {
      "name": "@countryballs/transport-interface",
      "version": "0.1.0",
      "dependencies": {
        "@countryballs/protocol": "0.1.0",
        "@countryballs/shared-types": "0.1.0"
      }
    }
  }
}
